
Microsoft Visual Studio Solution File, Format Version 12.00
# Visual Studio Version 17
VisualStudioVersion = 17.6.33829.357
MinimumVisualStudioVersion = 10.0.40219.1
Project("{FAE04EC0-301F-11D3-BF4B-00C04F79EFBC}") = "AllConceptsWebForms", "AllConceptsWebForms\AllConceptsWebForms.csproj", "{832A0EAC-7A17-4A62-A515-9EC079E8C036}"
EndProject
Global
	GlobalSection(SolutionConfigurationPlatforms) = preSolution
		Debug|Any CPU = Debug|Any CPU
		Release|Any CPU = Release|Any CPU
	EndGlobalSection
	GlobalSection(ProjectConfigurationPlatforms) = postSolution
		{832A0EAC-7A17-4A62-A515-9EC079E8C036}.Debug|Any CPU.ActiveCfg = Debug|Any CPU
		{832A0EAC-7A17-4A62-A515-9EC079E8C036}.Debug|Any CPU.Build.0 = Debug|Any CPU
		{832A0EAC-7A17-4A62-A515-9EC079E8C036}.Release|Any CPU.ActiveCfg = Release|Any CPU
		{832A0EAC-7A17-4A62-A515-9EC079E8C036}.Release|Any CPU.Build.0 = Release|Any CPU
	EndGlobalSection
	GlobalSection(SolutionProperties) = preSolution
		HideSolutionNode = FALSE
	EndGlobalSection
	GlobalSection(ExtensibilityGlobals) = postSolution
		SolutionGuid = {06FF404D-075C-47D0-81AF-1D81FCB13894}
	EndGlobalSection
EndGlobal
